{
  "name": "gtd-tools",
  "version": "1.0.0",
  "lockfileVersion": 3,
  "requires": true,
  "packages": {
    "": {
      "name": "gtd-tools",
      "version": "1.0.0",
      "dependencies": {
        "@opentelemetry/api": "^1.9.0"
      },
      "devDependencies": {
        "@opentelemetry/sdk-trace-base": "^1.25.0"
      }
    },
    "node_modules/@opentelemetry/api": {
      "version": "1.9.1",
      "resolved": "https://registry.npmjs.org/@opentelemetry/api/-/api-1.9.1.tgz",
      "integrity": "sha512-gLyJlPHPZYdAk1JENA9LeHejZe1Ti77/pTeFm/nMXmQH/HFZlcS/O2XJB+L8fkbrNSqhdtlvjBVjxwUYanNH5Q==",
      "license": "Apache-2.0",
      "engines": {
        "node": ">=8.0.0"
      }
    },
    "node_modules/@opentelemetry/core": {
      "version": "1.30.1",
      "resolved": "https://registry.npmjs.org/@opentelemetry/core/-/core-1.30.1.tgz",
      "integrity": "sha512-OOCM2C/QIURhJMuKaekP3TRBxBKxG/TWWA0TL2J6nXUtDnuCtccy49LUJF8xPFXMX+0LMcxFpCo8M9cGY1W6rQ==",
      "dev": true,
      "license": "Apache-2.0",
      "dependencies": {
        "@opentelemetry/semantic-conventions": "1.28.0"
      },
      "engines": {
        "node": ">=14"
      },
      "peerDependencies": {
        "@opentelemetry/api": ">=1.0.0 <1.10.0"
      }
    },
    "node_modules/@opentelemetry/resources": {
      "version": "1.30.1",
      "resolved": "https://registry.npmjs.org/@opentelemetry/resources/-/resources-1.30.1.tgz",
      "integrity": "sha512-5UxZqiAgLYGFjS4s9qm5mBVo433u+dSPUFWVWXmLAD4wB65oMCoXaJP1KJa9DIYYMeHu3z4BZcStG3LC593cWA==",
      "dev": true,
      "license": "Apache-2.0",
      "dependencies": {
        "@opentelemetry/core": "1.30.1",
        "@opentelemetry/semantic-conventions": "1.28.0"
      },
      "engines": {
        "node": ">=14"
      },
      "peerDependencies": {
        "@opentelemetry/api": ">=1.0.0 <1.10.0"
      }
    },
    "node_modules/@opentelemetry/sdk-trace-base": {
      "version": "1.30.1",
      "resolved": "https://registry.npmjs.org/@opentelemetry/sdk-trace-base/-/sdk-trace-base-1.30.1.tgz",
      "integrity": "sha512-jVPgBbH1gCy2Lb7X0AVQ8XAfgg0pJ4nvl8/IiQA6nxOsPvS+0zMJaFSs2ltXe0J6C8dqjcnpyqINDJmU30+uOg==",
      "dev": true,
      "license": "Apache-2.0",
      "dependencies": {
        "@opentelemetry/core": "1.30.1",
        "@opentelemetry/resources": "1.30.1",
        "@opentelemetry/semantic-conventions": "1.28.0"
      },
      "engines": {
        "node": ">=14"
      },
      "peerDependencies": {
        "@opentelemetry/api": ">=1.0.0 <1.10.0"
      }
    },
    "node_modules/@opentelemetry/semantic-conventions": {
      "version": "1.28.0",
      "resolved": "https://registry.npmjs.org/@opentelemetry/semantic-conventions/-/semantic-conventions-1.28.0.tgz",
      "integrity": "sha512-lp4qAiMTD4sNWW4DbKLBkfiMZ4jbAboJIGOQr5DvciMRI494OapieI9qiODpOt0XBr1LjIDy1xAGAnVs5supTA==",
      "dev": true,
      "license": "Apache-2.0",
      "engines": {
        "node": ">=14"
      }
    }
  }
}
